
Microsoft Visual Studio Solution File, Format Version 12.00
# Visual Studio Version 16
VisualStudioVersion = 16.0.30611.23
MinimumVisualStudioVersion = 10.0.40219.1
Project("{FAE04EC0-301F-11D3-BF4B-00C04F79EFBC}") = "rest02", "rest02\rest02.csproj", "{56A849FE-9184-4EA1-BB43-5B55F26D55BA}"
EndProject
Global
	GlobalSection(SolutionConfigurationPlatforms) = preSolution
		Debug|Any CPU = Debug|Any CPU
		Release|Any CPU = Release|Any CPU
	EndGlobalSection
	GlobalSection(ProjectConfigurationPlatforms) = postSolution
		{56A849FE-9184-4EA1-BB43-5B55F26D55BA}.Debug|Any CPU.ActiveCfg = Debug|Any CPU
		{56A849FE-9184-4EA1-BB43-5B55F26D55BA}.Debug|Any CPU.Build.0 = Debug|Any CPU
		{56A849FE-9184-4EA1-BB43-5B55F26D55BA}.Release|Any CPU.ActiveCfg = Release|Any CPU
		{56A849FE-9184-4EA1-BB43-5B55F26D55BA}.Release|Any CPU.Build.0 = Release|Any CPU
	EndGlobalSection
	GlobalSection(SolutionProperties) = preSolution
		HideSolutionNode = FALSE
	EndGlobalSection
	GlobalSection(ExtensibilityGlobals) = postSolution
		SolutionGuid = {B2DF7345-6F6F-410B-9644-E369D5B75F96}
	EndGlobalSection
EndGlobal
